
Microsoft Visual Studio Solution File, Format Version 12.00
# Visual Studio Version 16
VisualStudioVersion = 16.0.31129.286
MinimumVisualStudioVersion = 10.0.40219.1
Project("{9A19103F-16F7-4668-BE54-9A1E7A4F7556}") = "WebApp", "WebApp\WebApp.csproj", "{B8AD6A6F-FBFB-4347-AB15-32F6948945C3}"
EndProject
Project("{9A19103F-16F7-4668-BE54-9A1E7A4F7556}") = "UseCases", "UseCases\UseCases.csproj", "{33404A07-3A55-4387-943B-0FC650F540CC}"
EndProject
Project("{9A19103F-16F7-4668-BE54-9A1E7A4F7556}") = "CoreBusiness", "CoreBusiness\CoreBusiness.csproj", "{363F4D1A-7EC6-4BD5-9B54-7C745C8E08A6}"
EndProject
Project("{9A19103F-16F7-4668-BE54-9A1E7A4F7556}") = "Plugins.DataStore.InMemory", "Plugins.DataStore.InMemory\Plugins.DataStore.InMemory.csproj", "{C3B43F87-CCD6-43D4-ADF3-3143B05608F5}"
EndProject
Project("{9A19103F-16F7-4668-BE54-9A1E7A4F7556}") = "Plugins.DataStore.SQL", "Plugins.DataStore.SQL\Plugins.DataStore.SQL.csproj", "{1F29DC7A-8918-4167-9F23-DBEC15E885C8}"
EndProject
Global
	GlobalSection(SolutionConfigurationPlatforms) = preSolution
		Debug|Any CPU = Debug|Any CPU
		Release|Any CPU = Release|Any CPU
	EndGlobalSection
	GlobalSection(ProjectConfigurationPlatforms) = postSolution
		{B8AD6A6F-FBFB-4347-AB15-32F6948945C3}.Debug|Any CPU.ActiveCfg = Debug|Any CPU
		{B8AD6A6F-FBFB-4347-AB15-32F6948945C3}.Debug|Any CPU.Build.0 = Debug|Any CPU
		{B8AD6A6F-FBFB-4347-AB15-32F6948945C3}.Release|Any CPU.ActiveCfg = Release|Any CPU
		{B8AD6A6F-FBFB-4347-AB15-32F6948945C3}.Release|Any CPU.Build.0 = Release|Any CPU
		{33404A07-3A55-4387-943B-0FC650F540CC}.Debug|Any CPU.ActiveCfg = Debug|Any CPU
		{33404A07-3A55-4387-943B-0FC650F540CC}.Debug|Any CPU.Build.0 = Debug|Any CPU
		{33404A07-3A55-4387-943B-0FC650F540CC}.Release|Any CPU.ActiveCfg = Release|Any CPU
		{33404A07-3A55-4387-943B-0FC650F540CC}.Release|Any CPU.Build.0 = Release|Any CPU
		{363F4D1A-7EC6-4BD5-9B54-7C745C8E08A6}.Debug|Any CPU.ActiveCfg = Debug|Any CPU
		{363F4D1A-7EC6-4BD5-9B54-7C745C8E08A6}.Debug|Any CPU.Build.0 = Debug|Any CPU
		{363F4D1A-7EC6-4BD5-9B54-7C745C8E08A6}.Release|Any CPU.ActiveCfg = Release|Any CPU
		{363F4D1A-7EC6-4BD5-9B54-7C745C8E08A6}.Release|Any CPU.Build.0 = Release|Any CPU
		{C3B43F87-CCD6-43D4-ADF3-3143B05608F5}.Debug|Any CPU.ActiveCfg = Debug|Any CPU
		{C3B43F87-CCD6-43D4-ADF3-3143B05608F5}.Debug|Any CPU.Build.0 = Debug|Any CPU
		{C3B43F87-CCD6-43D4-ADF3-3143B05608F5}.Release|Any CPU.ActiveCfg = Release|Any CPU
		{C3B43F87-CCD6-43D4-ADF3-3143B05608F5}.Release|Any CPU.Build.0 = Release|Any CPU
		{1F29DC7A-8918-4167-9F23-DBEC15E885C8}.Debug|Any CPU.ActiveCfg = Debug|Any CPU
		{1F29DC7A-8918-4167-9F23-DBEC15E885C8}.Debug|Any CPU.Build.0 = Debug|Any CPU
		{1F29DC7A-8918-4167-9F23-DBEC15E885C8}.Release|Any CPU.ActiveCfg = Release|Any CPU
		{1F29DC7A-8918-4167-9F23-DBEC15E885C8}.Release|Any CPU.Build.0 = Release|Any CPU
	EndGlobalSection
	GlobalSection(SolutionProperties) = preSolution
		HideSolutionNode = FALSE
	EndGlobalSection
	GlobalSection(ExtensibilityGlobals) = postSolution
		SolutionGuid = {F1933D55-8BB3-46A9-9670-EE045C41C9CE}
	EndGlobalSection
EndGlobal
